
Microsoft Visual Studio Solution File, Format Version 12.00
# Visual Studio 15
VisualStudioVersion = 15.0.28307.168
MinimumVisualStudioVersion = 10.0.40219.1
Project("{FAE04EC0-301F-11D3-BF4B-00C04F79EFBC}") = "TextProcessor", "TextProcessor\TextProcessor.csproj", "{3A8C067A-6B08-4CCD-8F5F-4AD9BAB91FB9}"
EndProject
Project("{FAE04EC0-301F-11D3-BF4B-00C04F79EFBC}") = "ConsoleTest", "ConsoleTest\ConsoleTest.csproj", "{95D69751-32D7-409C-867D-EADF10444FEB}"
EndProject
Project("{FAE04EC0-301F-11D3-BF4B-00C04F79EFBC}") = "DetectionTest", "DetectionTest\DetectionTest.csproj", "{CEEFD0A1-AF2D-4E1E-A0CE-B421204601C8}"
EndProject
Global
	GlobalSection(SolutionConfigurationPlatforms) = preSolution
		Debug|Any CPU = Debug|Any CPU
		Release|Any CPU = Release|Any CPU
	EndGlobalSection
	GlobalSection(ProjectConfigurationPlatforms) = postSolution
		{3A8C067A-6B08-4CCD-8F5F-4AD9BAB91FB9}.Debug|Any CPU.ActiveCfg = Debug|Any CPU
		{3A8C067A-6B08-4CCD-8F5F-4AD9BAB91FB9}.Debug|Any CPU.Build.0 = Debug|Any CPU
		{3A8C067A-6B08-4CCD-8F5F-4AD9BAB91FB9}.Release|Any CPU.ActiveCfg = Release|Any CPU
		{3A8C067A-6B08-4CCD-8F5F-4AD9BAB91FB9}.Release|Any CPU.Build.0 = Release|Any CPU
		{95D69751-32D7-409C-867D-EADF10444FEB}.Debug|Any CPU.ActiveCfg = Debug|Any CPU
		{95D69751-32D7-409C-867D-EADF10444FEB}.Debug|Any CPU.Build.0 = Debug|Any CPU
		{95D69751-32D7-409C-867D-EADF10444FEB}.Release|Any CPU.ActiveCfg = Release|Any CPU
		{95D69751-32D7-409C-867D-EADF10444FEB}.Release|Any CPU.Build.0 = Release|Any CPU
		{CEEFD0A1-AF2D-4E1E-A0CE-B421204601C8}.Debug|Any CPU.ActiveCfg = Debug|Any CPU
		{CEEFD0A1-AF2D-4E1E-A0CE-B421204601C8}.Debug|Any CPU.Build.0 = Debug|Any CPU
		{CEEFD0A1-AF2D-4E1E-A0CE-B421204601C8}.Release|Any CPU.ActiveCfg = Release|Any CPU
		{CEEFD0A1-AF2D-4E1E-A0CE-B421204601C8}.Release|Any CPU.Build.0 = Release|Any CPU
	EndGlobalSection
	GlobalSection(SolutionProperties) = preSolution
		HideSolutionNode = FALSE
	EndGlobalSection
	GlobalSection(ExtensibilityGlobals) = postSolution
		SolutionGuid = {E4C6CEB0-1362-4281-A532-337ECBB6C1FF}
	EndGlobalSection
EndGlobal
